// !$*UTF8*$!
{
	archiveVersion = 1;
	classes = {
	};
	objectVersion = 46;
	objects = {

/* Begin PBXBuildFile section */
		9B241C1D1F8E920F004658DC /* AppDelegate.swift in Sources */ = {isa = PBXBuildFile; fileRef = 9B241C1C1F8E920F004658DC /* AppDelegate.swift */; };
		9B241C1F1F8E920F004658DC /* ViewController.swift in Sources */ = {isa = PBXBuildFile; fileRef = 9B241C1E1F8E920F004658DC /* ViewController.swift */; };
		9B241C221F8E920F004658DC /* Main.storyboard in Resources */ = {isa = PBXBuildFile; fileRef = 9B241C201F8E920F004658DC /* Main.storyboard */; };
		9B241C241F8E920F004658DC /* Assets.xcassets in Resources */ = {isa = PBXBuildFile; fileRef = 9B241C231F8E920F004658DC /* Assets.xcassets */; };
		9B241C271F8E920F004658DC /* LaunchScreen.storyboard in Resources */ = {isa = PBXBuildFile; fileRef = 9B241C251F8E920F004658DC /* LaunchScreen.storyboard */; };
		9BD6A6ED1F8FBC57001199E4 /* 1c.png in Resources */ = {isa = PBXBuildFile; fileRef = 9BD6A6B11F8FBC56001199E4 /* 1c.png */; };
		9BD6A6EE1F8FBC57001199E4 /* 1d.png in Resources */ = {isa = PBXBuildFile; fileRef = 9BD6A6B21F8FBC57001199E4 /* 1d.png */; };
		9BD6A6EF1F8FBC57001199E4 /* 1h.png in Resources */ = {isa = PBXBuildFile; fileRef = 9BD6A6B31F8FBC57001199E4 /* 1h.png */; };
		9BD6A6F01F8FBC57001199E4 /* 1s.png in Resources */ = {isa = PBXBuildFile; fileRef = 9BD6A6B41F8FBC57001199E4 /* 1s.png */; };
		9BD6A6F11F8FBC57001199E4 /* 2c.png in Resources */ = {isa = PBXBuildFile; fileRef = 9BD6A6B51F8FBC57001199E4 /* 2c.png */; };
		9BD6A6F21F8FBC57001199E4 /* 2d.png in Resources */ = {isa = PBXBuildFile; fileRef = 9BD6A6B61F8FBC57001199E4 /* 2d.png */; };
		9BD6A6F31F8FBC57001199E4 /* 2h.png in Resources */ = {isa = PBXBuildFile; fileRef = 9BD6A6B71F8FBC57001199E4 /* 2h.png */; };
		9BD6A6F41F8FBC57001199E4 /* 2s.png in Resources */ = {isa = PBXBuildFile; fileRef = 9BD6A6B81F8FBC57001199E4 /* 2s.png */; };
		9BD6A6F51F8FBC57001199E4 /* 3c.png in Resources */ = {isa = PBXBuildFile; fileRef = 9BD6A6B91F8FBC57001199E4 /* 3c.png */; };
		9BD6A6F61F8FBC57001199E4 /* 3d.png in Resources */ = {isa = PBXBuildFile; fileRef = 9BD6A6BA1F8FBC57001199E4 /* 3d.png */; };
		9BD6A6F71F8FBC57001199E4 /* 3h.png in Resources */ = {isa = PBXBuildFile; fileRef = 9BD6A6BB1F8FBC57001199E4 /* 3h.png */; };
		9BD6A6F81F8FBC57001199E4 /* 3s.png in Resources */ = {isa = PBXBuildFile; fileRef = 9BD6A6BC1F8FBC57001199E4 /* 3s.png */; };
		9BD6A6F91F8FBC57001199E4 /* 4c.png in Resources */ = {isa = PBXBuildFile; fileRef = 9BD6A6BD1F8FBC57001199E4 /* 4c.png */; };
		9BD6A6FA1F8FBC57001199E4 /* 4d.png in Resources */ = {isa = PBXBuildFile; fileRef = 9BD6A6BE1F8FBC57001199E4 /* 4d.png */; };
		9BD6A6FB1F8FBC57001199E4 /* 4h.png in Resources */ = {isa = PBXBuildFile; fileRef = 9BD6A6BF1F8FBC57001199E4 /* 4h.png */; };
		9BD6A6FC1F8FBC57001199E4 /* 4s.png in Resources */ = {isa = PBXBuildFile; fileRef = 9BD6A6C01F8FBC57001199E4 /* 4s.png */; };
		9BD6A6FD1F8FBC57001199E4 /* 5c.png in Resources */ = {isa = PBXBuildFile; fileRef = 9BD6A6C11F8FBC57001199E4 /* 5c.png */; };
		9BD6A6FE1F8FBC57001199E4 /* 5d.png in Resources */ = {isa = PBXBuildFile; fileRef = 9BD6A6C21F8FBC57001199E4 /* 5d.png */; };
		9BD6A6FF1F8FBC57001199E4 /* 5h.png in Resources */ = {isa = PBXBuildFile; fileRef = 9BD6A6C31F8FBC57001199E4 /* 5h.png */; };
		9BD6A7001F8FBC57001199E4 /* 5s.png in Resources */ = {isa = PBXBuildFile; fileRef = 9BD6A6C41F8FBC57001199E4 /* 5s.png */; };
		9BD6A7011F8FBC57001199E4 /* 6c.png in Resources */ = {isa = PBXBuildFile; fileRef = 9BD6A6C51F8FBC57001199E4 /* 6c.png */; };
		9BD6A7021F8FBC57001199E4 /* 6d.png in Resources */ = {isa = PBXBuildFile; fileRef = 9BD6A6C61F8FBC57001199E4 /* 6d.png */; };
		9BD6A7031F8FBC57001199E4 /* 6h.png in Resources */ = {isa = PBXBuildFile; fileRef = 9BD6A6C71F8FBC57001199E4 /* 6h.png */; };
		9BD6A7041F8FBC57001199E4 /* 6s.png in Resources */ = {isa = PBXBuildFile; fileRef = 9BD6A6C81F8FBC57001199E4 /* 6s.png */; };
		9BD6A7051F8FBC57001199E4 /* 7c.png in Resources */ = {isa = PBXBuildFile; fileRef = 9BD6A6C91F8FBC57001199E4 /* 7c.png */; };
		9BD6A7061F8FBC57001199E4 /* 7d.png in Resources */ = {isa = PBXBuildFile; fileRef = 9BD6A6CA1F8FBC57001199E4 /* 7d.png */; };
		9BD6A7071F8FBC57001199E4 /* 7h.png in Resources */ = {isa = PBXBuildFile; fileRef = 9BD6A6CB1F8FBC57001199E4 /* 7h.png */; };
		9BD6A7081F8FBC57001199E4 /* 7s.png in Resources */ = {isa = PBXBuildFile; fileRef = 9BD6A6CC1F8FBC57001199E4 /* 7s.png */; };
		9BD6A7091F8FBC57001199E4 /* 8c.png in Resources */ = {isa = PBXBuildFile; fileRef = 9BD6A6CD1F8FBC57001199E4 /* 8c.png */; };
		9BD6A70A1F8FBC57001199E4 /* 8d.png in Resources */ = {isa = PBXBuildFile; fileRef = 9BD6A6CE1F8FBC57001199E4 /* 8d.png */; };
		9BD6A70B1F8FBC57001199E4 /* 8h.png in Resources */ = {isa = PBXBuildFile; fileRef = 9BD6A6CF1F8FBC57001199E4 /* 8h.png */; };
		9BD6A70C1F8FBC57001199E4 /* 8s.png in Resources */ = {isa = PBXBuildFile; fileRef = 9BD6A6D01F8FBC57001199E4 /* 8s.png */; };
		9BD6A70D1F8FBC57001199E4 /* 9c.png in Resources */ = {isa = PBXBuildFile; fileRef = 9BD6A6D11F8FBC57001199E4 /* 9c.png */; };
		9BD6A70E1F8FBC57001199E4 /* 9d.png in Resources */ = {isa = PBXBuildFile; fileRef = 9BD6A6D21F8FBC57001199E4 /* 9d.png */; };
		9BD6A70F1F8FBC57001199E4 /* 9h.png in Resources */ = {isa = PBXBuildFile; fileRef = 9BD6A6D31F8FBC57001199E4 /* 9h.png */; };
		9BD6A7101F8FBC57001199E4 /* 9s.png in Resources */ = {isa = PBXBuildFile; fileRef = 9BD6A6D41F8FBC57001199E4 /* 9s.png */; };
		9BD6A7111F8FBC57001199E4 /* 10c.png in Resources */ = {isa = PBXBuildFile; fileRef = 9BD6A6D51F8FBC57001199E4 /* 10c.png */; };
		9BD6A7121F8FBC57001199E4 /* 10d.png in Resources */ = {isa = PBXBuildFile; fileRef = 9BD6A6D61F8FBC57001199E4 /* 10d.png */; };
		9BD6A7131F8FBC57001199E4 /* 10h.png in Resources */ = {isa = PBXBuildFile; fileRef = 9BD6A6D71F8FBC57001199E4 /* 10h.png */; };
		9BD6A7141F8FBC57001199E4 /* 10s.png in Resources */ = {isa = PBXBuildFile; fileRef = 9BD6A6D81F8FBC57001199E4 /* 10s.png */; };
		9BD6A7151F8FBC57001199E4 /* 11c.png in Resources */ = {isa = PBXBuildFile; fileRef = 9BD6A6D91F8FBC57001199E4 /* 11c.png */; };
		9BD6A7161F8FBC57001199E4 /* 11d.png in Resources */ = {isa = PBXBuildFile; fileRef = 9BD6A6DA1F8FBC57001199E4 /* 11d.png */; };
		9BD6A7171F8FBC57001199E4 /* 11h.png in Resources */ = {isa = PBXBuildFile; fileRef = 9BD6A6DB1F8FBC57001199E4 /* 11h.png */; };
		9BD6A7181F8FBC57001199E4 /* 11s.png in Resources */ = {isa = PBXBuildFile; fileRef = 9BD6A6DC1F8FBC57001199E4 /* 11s.png */; };
		9BD6A7191F8FBC57001199E4 /* 12c.png in Resources */ = {isa = PBXBuildFile; fileRef = 9BD6A6DD1F8FBC57001199E4 /* 12c.png */; };
		9BD6A71A1F8FBC57001199E4 /* 12d.png in Resources */ = {isa = PBXBuildFile; fileRef = 9BD6A6DE1F8FBC57001199E4 /* 12d.png */; };
		9BD6A71B1F8FBC57001199E4 /* 12h.png in Resources */ = {isa = PBXBuildFile; fileRef = 9BD6A6DF1F8FBC57001199E4 /* 12h.png */; };
		9BD6A71C1F8FBC57001199E4 /* 12s.png in Resources */ = {isa = PBXBuildFile; fileRef = 9BD6A6E01F8FBC57001199E4 /* 12s.png */; };
		9BD6A71D1F8FBC57001199E4 /* 13c.png in Resources */ = {isa = PBXBuildFile; fileRef = 9BD6A6E11F8FBC57001199E4 /* 13c.png */; };
		9BD6A71E1F8FBC57001199E4 /* 13d.png in Resources */ = {isa = PBXBuildFile; fileRef = 9BD6A6E21F8FBC57001199E4 /* 13d.png */; };
		9BD6A71F1F8FBC57001199E4 /* 13h.png in Resources */ = {isa = PBXBuildFile; fileRef = 9BD6A6E31F8FBC57001199E4 /* 13h.png */; };
		9BD6A7201F8FBC57001199E4 /* 13s.png in Resources */ = {isa = PBXBuildFile; fileRef = 9BD6A6E41F8FBC57001199E4 /* 13s.png */; };
		9BD6A7211F8FBC57001199E4 /* flou1.png in Resources */ = {isa = PBXBuildFile; fileRef = 9BD6A6E51F8FBC57001199E4 /* flou1.png */; };
		9BD6A7221F8FBC57001199E4 /* flou2.png in Resources */ = {isa = PBXBuildFile; fileRef = 9BD6A6E61F8FBC57001199E4 /* flou2.png */; };
		9BD6A7231F8FBC57001199E4 /* flou3.png in Resources */ = {isa = PBXBuildFile; fileRef = 9BD6A6E71F8FBC57001199E4 /* flou3.png */; };
		9BD6A7241F8FBC57001199E4 /* flou4.png in Resources */ = {isa = PBXBuildFile; fileRef = 9BD6A6E81F8FBC57001199E4 /* flou4.png */; };
		9BD6A7251F8FBC57001199E4 /* flou5.png in Resources */ = {isa = PBXBuildFile; fileRef = 9BD6A6E91F8FBC57001199E4 /* flou5.png */; };
		9BD6A7261F8FBC57001199E4 /* flou6.png in Resources */ = {isa = PBXBuildFile; fileRef = 9BD6A6EA1F8FBC57001199E4 /* flou6.png */; };
		9BD6A7271F8FBC57001199E4 /* flou7.png in Resources */ = {isa = PBXBuildFile; fileRef = 9BD6A6EB1F8FBC57001199E4 /* flou7.png */; };
		9BD6A7281F8FBC57001199E4 /* flou8.png in Resources */ = {isa = PBXBuildFile; fileRef = 9BD6A6EC1F8FBC57001199E4 /* flou8.png */; };
		9BD6A72A1F8FC95C001199E4 /* PokerHands.swift in Sources */ = {isa = PBXBuildFile; fileRef = 9BD6A7291F8FC95C001199E4 /* PokerHands.swift */; };
/* End PBXBuildFile section */

/* Begin PBXFileReference section */
		9B241C191F8E920F004658DC /* jeuVideoPoker.app */ = {isa = PBXFileReference; explicitFileType = wrapper.application; includeInIndex = 0; path = jeuVideoPoker.app; sourceTree = BUILT_PRODUCTS_DIR; };
		9B241C1C1F8E920F004658DC /* AppDelegate.swift */ = {isa = PBXFileReference; lastKnownFileType = sourcecode.swift; path = AppDelegate.swift; sourceTree = "<group>"; };
		9B241C1E1F8E920F004658DC /* ViewController.swift */ = {isa = PBXFileReference; lastKnownFileType = sourcecode.swift; path = ViewController.swift; sourceTree = "<group>"; };
		9B241C211F8E920F004658DC /* Base */ = {isa = PBXFileReference; lastKnownFileType = file.storyboard; name = Base; path = Base.lproj/Main.storyboard; sourceTree = "<group>"; };
		9B241C231F8E920F004658DC /* Assets.xcassets */ = {isa = PBXFileReference; lastKnownFileType = folder.assetcatalog; path = Assets.xcassets; sourceTree = "<group>"; };
		9B241C261F8E920F004658DC /* Base */ = {isa = PBXFileReference; lastKnownFileType = file.storyboard; name = Base; path = Base.lproj/LaunchScreen.storyboard; sourceTree = "<group>"; };
		9B241C281F8E920F004658DC /* Info.plist */ = {isa = PBXFileReference; lastKnownFileType = text.plist.xml; path = Info.plist; sourceTree = "<group>"; };
		9BD6A6B11F8FBC56001199E4 /* 1c.png */ = {isa = PBXFileReference; lastKnownFileType = image.png; name = 1c.png; path = images/1c.png; sourceTree = "<group>"; };
		9BD6A6B21F8FBC57001199E4 /* 1d.png */ = {isa = PBXFileReference; lastKnownFileType = image.png; name = 1d.png; path = images/1d.png; sourceTree = "<group>"; };
		9BD6A6B31F8FBC57001199E4 /* 1h.png */ = {isa = PBXFileReference; lastKnownFileType = image.png; name = 1h.png; path = images/1h.png; sourceTree = "<group>"; };
		9BD6A6B41F8FBC57001199E4 /* 1s.png */ = {isa = PBXFileReference; lastKnownFileType = image.png; name = 1s.png; path = images/1s.png; sourceTree = "<group>"; };
		9BD6A6B51F8FBC57001199E4 /* 2c.png */ = {isa = PBXFileReference; lastKnownFileType = image.png; name = 2c.png; path = images/2c.png; sourceTree = "<group>"; };
		9BD6A6B61F8FBC57001199E4 /* 2d.png */ = {isa = PBXFileReference; lastKnownFileType = image.png; name = 2d.png; path = images/2d.png; sourceTree = "<group>"; };
		9BD6A6B71F8FBC57001199E4 /* 2h.png */ = {isa = PBXFileReference; lastKnownFileType = image.png; name = 2h.png; path = images/2h.png; sourceTree = "<group>"; };
		9BD6A6B81F8FBC57001199E4 /* 2s.png */ = {isa = PBXFileReference; lastKnownFileType = image.png; name = 2s.png; path = images/2s.png; sourceTree = "<group>"; };
		9BD6A6B91F8FBC57001199E4 /* 3c.png */ = {isa = PBXFileReference; lastKnownFileType = image.png; name = 3c.png; path = images/3c.png; sourceTree = "<group>"; };
		9BD6A6BA1F8FBC57001199E4 /* 3d.png */ = {isa = PBXFileReference; lastKnownFileType = image.png; name = 3d.png; path = images/3d.png; sourceTree = "<group>"; };
		9BD6A6BB1F8FBC57001199E4 /* 3h.png */ = {isa = PBXFileReference; lastKnownFileType = image.png; name = 3h.png; path = images/3h.png; sourceTree = "<group>"; };
		9BD6A6BC1F8FBC57001199E4 /* 3s.png */ = {isa = PBXFileReference; lastKnownFileType = image.png; name = 3s.png; path = images/3s.png; sourceTree = "<group>"; };
		9BD6A6BD1F8FBC57001199E4 /* 4c.png */ = {isa = PBXFileReference; lastKnownFileType = image.png; name = 4c.png; path = images/4c.png; sourceTree = "<group>"; };
		9BD6A6BE1F8FBC57001199E4 /* 4d.png */ = {isa = PBXFileReference; lastKnownFileType = image.png; name = 4d.png; path = images/4d.png; sourceTree = "<group>"; };
		9BD6A6BF1F8FBC57001199E4 /* 4h.png */ = {isa = PBXFileReference; lastKnownFileType = image.png; name = 4h.png; path = images/4h.png; sourceTree = "<group>"; };
		9BD6A6C01F8FBC57001199E4 /* 4s.png */ = {isa = PBXFileReference; lastKnownFileType = image.png; name = 4s.png; path = images/4s.png; sourceTree = "<group>"; };
		9BD6A6C11F8FBC57001199E4 /* 5c.png */ = {isa = PBXFileReference; lastKnownFileType = image.png; name = 5c.png; path = images/5c.png; sourceTree = "<group>"; };
		9BD6A6C21F8FBC57001199E4 /* 5d.png */ = {isa = PBXFileReference; lastKnownFileType = image.png; name = 5d.png; path = images/5d.png; sourceTree = "<group>"; };
		9BD6A6C31F8FBC57001199E4 /* 5h.png */ = {isa = PBXFileReference; lastKnownFileType = image.png; name = 5h.png; path = images/5h.png; sourceTree = "<group>"; };
		9BD6A6C41F8FBC57001199E4 /* 5s.png */ = {isa = PBXFileReference; lastKnownFileType = image.png; name = 5s.png; path = images/5s.png; sourceTree = "<group>"; };
		9BD6A6C51F8FBC57001199E4 /* 6c.png */ = {isa = PBXFileReference; lastKnownFileType = image.png; name = 6c.png; path = images/6c.png; sourceTree = "<group>"; };
		9BD6A6C61F8FBC57001199E4 /* 6d.png */ = {isa = PBXFileReference; lastKnownFileType = image.png; name = 6d.png; path = images/6d.png; sourceTree = "<group>"; };
		9BD6A6C71F8FBC57001199E4 /* 6h.png */ = {isa = PBXFileReference; lastKnownFileType = image.png; name = 6h.png; path = images/6h.png; sourceTree = "<group>"; };
		9BD6A6C81F8FBC57001199E4 /* 6s.png */ = {isa = PBXFileReference; lastKnownFileType = image.png; name = 6s.png; path = images/6s.png; sourceTree = "<group>"; };
		9BD6A6C91F8FBC57001199E4 /* 7c.png */ = {isa = PBXFileReference; lastKnownFileType = image.png; name = 7c.png; path = images/7c.png; sourceTree = "<group>"; };
		9BD6A6CA1F8FBC57001199E4 /* 7d.png */ = {isa = PBXFileReference; lastKnownFileType = image.png; name = 7d.png; path = images/7d.png; sourceTree = "<group>"; };
		9BD6A6CB1F8FBC57001199E4 /* 7h.png */ = {isa = PBXFileReference; lastKnownFileType = image.png; name = 7h.png; path = images/7h.png; sourceTree = "<group>"; };
		9BD6A6CC1F8FBC57001199E4 /* 7s.png */ = {isa = PBXFileReference; lastKnownFileType = image.png; name = 7s.png; path = images/7s.png; sourceTree = "<group>"; };
		9BD6A6CD1F8FBC57001199E4 /* 8c.png */ = {isa = PBXFileReference; lastKnownFileType = image.png; name = 8c.png; path = images/8c.png; sourceTree = "<group>"; };
		9BD6A6CE1F8FBC57001199E4 /* 8d.png */ = {isa = PBXFileReference; lastKnownFileType = image.png; name = 8d.png; path = images/8d.png; sourceTree = "<group>"; };
		9BD6A6CF1F8FBC57001199E4 /* 8h.png */ = {isa = PBXFileReference; lastKnownFileType = image.png; name = 8h.png; path = images/8h.png; sourceTree = "<group>"; };
		9BD6A6D01F8FBC57001199E4 /* 8s.png */ = {isa = PBXFileReference; lastKnownFileType = image.png; name = 8s.png; path = images/8s.png; sourceTree = "<group>"; };
		9BD6A6D11F8FBC57001199E4 /* 9c.png */ = {isa = PBXFileReference; lastKnownFileType = image.png; name = 9c.png; path = images/9c.png; sourceTree = "<group>"; };
		9BD6A6D21F8FBC57001199E4 /* 9d.png */ = {isa = PBXFileReference; lastKnownFileType = image.png; name = 9d.png; path = images/9d.png; sourceTree = "<group>"; };
		9BD6A6D31F8FBC57001199E4 /* 9h.png */ = {isa = PBXFileReference; lastKnownFileType = image.png; name = 9h.png; path = images/9h.png; sourceTree = "<group>"; };
		9BD6A6D41F8FBC57001199E4 /* 9s.png */ = {isa = PBXFileReference; lastKnownFileType = image.png; name = 9s.png; path = images/9s.png; sourceTree = "<group>"; };
		9BD6A6D51F8FBC57001199E4 /* 10c.png */ = {isa = PBXFileReference; lastKnownFileType = image.png; name = 10c.png; path = images/10c.png; sourceTree = "<group>"; };
		9BD6A6D61F8FBC57001199E4 /* 10d.png */ = {isa = PBXFileReference; lastKnownFileType = image.png; name = 10d.png; path = images/10d.png; sourceTree = "<group>"; };
		9BD6A6D71F8FBC57001199E4 /* 10h.png */ = {isa = PBXFileReference; lastKnownFileType = image.png; name = 10h.png; path = images/10h.png; sourceTree = "<group>"; };
		9BD6A6D81F8FBC57001199E4 /* 10s.png */ = {isa = PBXFileReference; lastKnownFileType = image.png; name = 10s.png; path = images/10s.png; sourceTree = "<group>"; };
		9BD6A6D91F8FBC57001199E4 /* 11c.png */ = {isa = PBXFileReference; lastKnownFileType = image.png; name = 11c.png; path = images/11c.png; sourceTree = "<group>"; };
		9BD6A6DA1F8FBC57001199E4 /* 11d.png */ = {isa = PBXFileReference; lastKnownFileType = image.png; name = 11d.png; path = images/11d.png; sourceTree = "<group>"; };
		9BD6A6DB1F8FBC57001199E4 /* 11h.png */ = {isa = PBXFileReference; lastKnownFileType = image.png; name = 11h.png; path = images/11h.png; sourceTree = "<group>"; };
		9BD6A6DC1F8FBC57001199E4 /* 11s.png */ = {isa = PBXFileReference; lastKnownFileType = image.png; name = 11s.png; path = images/11s.png; sourceTree = "<group>"; };
		9BD6A6DD1F8FBC57001199E4 /* 12c.png */ = {isa = PBXFileReference; lastKnownFileType = image.png; name = 12c.png; path = images/12c.png; sourceTree = "<group>"; };
		9BD6A6DE1F8FBC57001199E4 /* 12d.png */ = {isa = PBXFileReference; lastKnownFileType = image.png; name = 12d.png; path = images/12d.png; sourceTree = "<group>"; };
		9BD6A6DF1F8FBC57001199E4 /* 12h.png */ = {isa = PBXFileReference; lastKnownFileType = image.png; name = 12h.png; path = images/12h.png; sourceTree = "<group>"; };
		9BD6A6E01F8FBC57001199E4 /* 12s.png */ = {isa = PBXFileReference; lastKnownFileType = image.png; name = 12s.png; path = images/12s.png; sourceTree = "<group>"; };
		9BD6A6E11F8FBC57001199E4 /* 13c.png */ = {isa = PBXFileReference; lastKnownFileType = image.png; name = 13c.png; path = images/13c.png; sourceTree = "<group>"; };
		9BD6A6E21F8FBC57001199E4 /* 13d.png */ = {isa = PBXFileReference; lastKnownFileType = image.png; name = 13d.png; path = images/13d.png; sourceTree = "<group>"; };
		9BD6A6E31F8FBC57001199E4 /* 13h.png */ = {isa = PBXFileReference; lastKnownFileType = image.png; name = 13h.png; path = images/13h.png; sourceTree = "<group>"; };
		9BD6A6E41F8FBC57001199E4 /* 13s.png */ = {isa = PBXFileReference; lastKnownFileType = image.png; name = 13s.png; path = images/13s.png; sourceTree = "<group>"; };
		9BD6A6E51F8FBC57001199E4 /* flou1.png */ = {isa = PBXFileReference; lastKnownFileType = image.png; name = flou1.png; path = images/flou1.png; sourceTree = "<group>"; };
		9BD6A6E61F8FBC57001199E4 /* flou2.png */ = {isa = PBXFileReference; lastKnownFileType = image.png; name = flou2.png; path = images/flou2.png; sourceTree = "<group>"; };
		9BD6A6E71F8FBC57001199E4 /* flou3.png */ = {isa = PBXFileReference; lastKnownFileType = image.png; name = flou3.png; path = images/flou3.png; sourceTree = "<group>"; };
		9BD6A6E81F8FBC57001199E4 /* flou4.png */ = {isa = PBXFileReference; lastKnownFileType = image.png; name = flou4.png; path = images/flou4.png; sourceTree = "<group>"; };
		9BD6A6E91F8FBC57001199E4 /* flou5.png */ = {isa = PBXFileReference; lastKnownFileType = image.png; name = flou5.png; path = images/flou5.png; sourceTree = "<group>"; };
		9BD6A6EA1F8FBC57001199E4 /* flou6.png */ = {isa = PBXFileReference; lastKnownFileType = image.png; name = flou6.png; path = images/flou6.png; sourceTree = "<group>"; };
		9BD6A6EB1F8FBC57001199E4 /* flou7.png */ = {isa = PBXFileReference; lastKnownFileType = image.png; name = flou7.png; path = images/flou7.png; sourceTree = "<group>"; };
		9BD6A6EC1F8FBC57001199E4 /* flou8.png */ = {isa = PBXFileReference; lastKnownFileType = image.png; name = flou8.png; path = images/flou8.png; sourceTree = "<group>"; };
		9BD6A7291F8FC95C001199E4 /* PokerHands.swift */ = {isa = PBXFileReference; fileEncoding = 4; lastKnownFileType = sourcecode.swift; path = PokerHands.swift; sourceTree = "<group>"; };
/* End PBXFileReference section */

/* Begin PBXFrameworksBuildPhase section */
		9B241C161F8E920F004658DC /* Frameworks */ = {
			isa = PBXFrameworksBuildPhase;
			buildActionMask = 2147483647;
			files = (
			);
			runOnlyForDeploymentPostprocessing = 0;
		};
/* End PBXFrameworksBuildPhase section */

/* Begin PBXGroup section */
		9B241C101F8E920E004658DC = {
			isa = PBXGroup;
			children = (
				9B241C1B1F8E920F004658DC /* jeuVideoPoker */,
				9B241C1A1F8E920F004658DC /* Products */,
			);
			sourceTree = "<group>";
		};
		9B241C1A1F8E920F004658DC /* Products */ = {
			isa = PBXGroup;
			children = (
				9B241C191F8E920F004658DC /* jeuVideoPoker.app */,
			);
			name = Products;
			sourceTree = "<group>";
		};
		9B241C1B1F8E920F004658DC /* jeuVideoPoker */ = {
			isa = PBXGroup;
			children = (
				9B241C2E1F8E924F004658DC /* images */,
				9B241C1C1F8E920F004658DC /* AppDelegate.swift */,
				9BD6A7291F8FC95C001199E4 /* PokerHands.swift */,
				9B241C1E1F8E920F004658DC /* ViewController.swift */,
				9B241C201F8E920F004658DC /* Main.storyboard */,
				9B241C231F8E920F004658DC /* Assets.xcassets */,
				9B241C251F8E920F004658DC /* LaunchScreen.storyboard */,
				9B241C281F8E920F004658DC /* Info.plist */,
			);
			path = jeuVideoPoker;
			sourceTree = "<group>";
		};
		9B241C2E1F8E924F004658DC /* images */ = {
			isa = PBXGroup;
			children = (
				9BD6A6B11F8FBC56001199E4 /* 1c.png */,
				9BD6A6B21F8FBC57001199E4 /* 1d.png */,
				9BD6A6B31F8FBC57001199E4 /* 1h.png */,
				9BD6A6B41F8FBC57001199E4 /* 1s.png */,
				9BD6A6B51F8FBC57001199E4 /* 2c.png */,
				9BD6A6B61F8FBC57001199E4 /* 2d.png */,
				9BD6A6B71F8FBC57001199E4 /* 2h.png */,
				9BD6A6B81F8FBC57001199E4 /* 2s.png */,
				9BD6A6B91F8FBC57001199E4 /* 3c.png */,
				9BD6A6BA1F8FBC57001199E4 /* 3d.png */,
				9BD6A6BB1F8FBC57001199E4 /* 3h.png */,
				9BD6A6BC1F8FBC57001199E4 /* 3s.png */,
				9BD6A6BD1F8FBC57001199E4 /* 4c.png */,
				9BD6A6BE1F8FBC57001199E4 /* 4d.png */,
				9BD6A6BF1F8FBC57001199E4 /* 4h.png */,
				9BD6A6C01F8FBC57001199E4 /* 4s.png */,
				9BD6A6C11F8FBC57001199E4 /* 5c.png */,
				9BD6A6C21F8FBC57001199E4 /* 5d.png */,
				9BD6A6C31F8FBC57001199E4 /* 5h.png */,
				9BD6A6C41F8FBC57001199E4 /* 5s.png */,
				9BD6A6C51F8FBC57001199E4 /* 6c.png */,
				9BD6A6C61F8FBC57001199E4 /* 6d.png */,
				9BD6A6C71F8FBC57001199E4 /* 6h.png */,
				9BD6A6C81F8FBC57001199E4 /* 6s.png */,
				9BD6A6C91F8FBC57001199E4 /* 7c.png */,
				9BD6A6CA1F8FBC57001199E4 /* 7d.png */,
				9BD6A6CB1F8FBC57001199E4 /* 7h.png */,
				9BD6A6CC1F8FBC57001199E4 /* 7s.png */,
				9BD6A6CD1F8FBC57001199E4 /* 8c.png */,
				9BD6A6CE1F8FBC57001199E4 /* 8d.png */,
				9BD6A6CF1F8FBC57001199E4 /* 8h.png */,
				9BD6A6D01F8FBC57001199E4 /* 8s.png */,
				9BD6A6D11F8FBC57001199E4 /* 9c.png */,
				9BD6A6D21F8FBC57001199E4 /* 9d.png */,
				9BD6A6D31F8FBC57001199E4 /* 9h.png */,
				9BD6A6D41F8FBC57001199E4 /* 9s.png */,
				9BD6A6D51F8FBC57001199E4 /* 10c.png */,
				9BD6A6D61F8FBC57001199E4 /* 10d.png */,
				9BD6A6D71F8FBC57001199E4 /* 10h.png */,
				9BD6A6D81F8FBC57001199E4 /* 10s.png */,
				9BD6A6D91F8FBC57001199E4 /* 11c.png */,
				9BD6A6DA1F8FBC57001199E4 /* 11d.png */,
				9BD6A6DB1F8FBC57001199E4 /* 11h.png */,
				9BD6A6DC1F8FBC57001199E4 /* 11s.png */,
				9BD6A6DD1F8FBC57001199E4 /* 12c.png */,
				9BD6A6DE1F8FBC57001199E4 /* 12d.png */,
				9BD6A6DF1F8FBC57001199E4 /* 12h.png */,
				9BD6A6E01F8FBC57001199E4 /* 12s.png */,
				9BD6A6E11F8FBC57001199E4 /* 13c.png */,
				9BD6A6E21F8FBC57001199E4 /* 13d.png */,
				9BD6A6E31F8FBC57001199E4 /* 13h.png */,
				9BD6A6E41F8FBC57001199E4 /* 13s.png */,
				9BD6A6E51F8FBC57001199E4 /* flou1.png */,
				9BD6A6E61F8FBC57001199E4 /* flou2.png */,
				9BD6A6E71F8FBC57001199E4 /* flou3.png */,
				9BD6A6E81F8FBC57001199E4 /* flou4.png */,
				9BD6A6E91F8FBC57001199E4 /* flou5.png */,
				9BD6A6EA1F8FBC57001199E4 /* flou6.png */,
				9BD6A6EB1F8FBC57001199E4 /* flou7.png */,
				9BD6A6EC1F8FBC57001199E4 /* flou8.png */,
			);
			name = images;
			sourceTree = "<group>";
		};
/* End PBXGroup section */

/* Begin PBXNativeTarget section */
		9B241C181F8E920F004658DC /* jeuVideoPoker */ = {
			isa = PBXNativeTarget;
			buildConfigurationList = 9B241C2B1F8E920F004658DC /* Build configuration list for PBXNativeTarget "jeuVideoPoker" */;
			buildPhases = (
				9B241C151F8E920F004658DC /* Sources */,
				9B241C161F8E920F004658DC /* Frameworks */,
				9B241C171F8E920F004658DC /* Resources */,
			);
			buildRules = (
			);
			dependencies = (
			);
			name = jeuVideoPoker;
			productName = jeuVideoPoker;
			productReference = 9B241C191F8E920F004658DC /* jeuVideoPoker.app */;
			productType = "com.apple.product-type.application";
		};
/* End PBXNativeTarget section */

/* Begin PBXProject section */
		9B241C111F8E920E004658DC /* Project object */ = {
			isa = PBXProject;
			attributes = {
				LastSwiftUpdateCheck = 0820;
				LastUpgradeCheck = 0820;
				ORGANIZATIONNAME = eleves;
				TargetAttributes = {
					9B241C181F8E920F004658DC = {
						CreatedOnToolsVersion = 8.2;
						ProvisioningStyle = Automatic;
					};
				};
			};
			buildConfigurationList = 9B241C141F8E920E004658DC /* Build configuration list for PBXProject "jeuVideoPoker" */;
			compatibilityVersion = "Xcode 3.2";
			developmentRegion = English;
			hasScannedForEncodings = 0;
			knownRegions = (
				en,
				Base,
			);
			mainGroup = 9B241C101F8E920E004658DC;
			productRefGroup = 9B241C1A1F8E920F004658DC /* Products */;
			projectDirPath = "";
			projectRoot = "";
			targets = (
				9B241C181F8E920F004658DC /* jeuVideoPoker */,
			);
		};
/* End PBXProject section */

/* Begin PBXResourcesBuildPhase section */
		9B241C171F8E920F004658DC /* Resources */ = {
			isa = PBXResourcesBuildPhase;
			buildActionMask = 2147483647;
			files = (
				9BD6A7191F8FBC57001199E4 /* 12c.png in Resources */,
				9BD6A7141F8FBC57001199E4 /* 10s.png in Resources */,
				9BD6A7101F8FBC57001199E4 /* 9s.png in Resources */,
				9BD6A7071F8FBC57001199E4 /* 7h.png in Resources */,
				9BD6A6F91F8FBC57001199E4 /* 4c.png in Resources */,
				9BD6A7181F8FBC57001199E4 /* 11s.png in Resources */,
				9BD6A71E1F8FBC57001199E4 /* 13d.png in Resources */,
				9BD6A71C1F8FBC57001199E4 /* 12s.png in Resources */,
				9BD6A6F81F8FBC57001199E4 /* 3s.png in Resources */,
				9BD6A7081F8FBC57001199E4 /* 7s.png in Resources */,
				9BD6A6FE1F8FBC57001199E4 /* 5d.png in Resources */,
				9BD6A7151F8FBC57001199E4 /* 11c.png in Resources */,
				9BD6A70A1F8FBC57001199E4 /* 8d.png in Resources */,
				9BD6A7051F8FBC57001199E4 /* 7c.png in Resources */,
				9BD6A7041F8FBC57001199E4 /* 6s.png in Resources */,
				9BD6A7251F8FBC57001199E4 /* flou5.png in Resources */,
				9BD6A7121F8FBC57001199E4 /* 10d.png in Resources */,
				9BD6A7171F8FBC57001199E4 /* 11h.png in Resources */,
				9BD6A6F61F8FBC57001199E4 /* 3d.png in Resources */,
				9BD6A6EF1F8FBC57001199E4 /* 1h.png in Resources */,
				9BD6A70C1F8FBC57001199E4 /* 8s.png in Resources */,
				9BD6A7021F8FBC57001199E4 /* 6d.png in Resources */,
				9BD6A6EE1F8FBC57001199E4 /* 1d.png in Resources */,
				9BD6A70D1F8FBC57001199E4 /* 9c.png in Resources */,
				9BD6A71B1F8FBC57001199E4 /* 12h.png in Resources */,
				9BD6A7261F8FBC57001199E4 /* flou6.png in Resources */,
				9BD6A71F1F8FBC57001199E4 /* 13h.png in Resources */,
				9BD6A7231F8FBC57001199E4 /* flou3.png in Resources */,
				9BD6A6FD1F8FBC57001199E4 /* 5c.png in Resources */,
				9BD6A6F21F8FBC57001199E4 /* 2d.png in Resources */,
				9BD6A7211F8FBC57001199E4 /* flou1.png in Resources */,
				9BD6A71D1F8FBC57001199E4 /* 13c.png in Resources */,
				9B241C271F8E920F004658DC /* LaunchScreen.storyboard in Resources */,
				9BD6A6F01F8FBC57001199E4 /* 1s.png in Resources */,
				9BD6A7011F8FBC57001199E4 /* 6c.png in Resources */,
				9BD6A7131F8FBC57001199E4 /* 10h.png in Resources */,
				9BD6A6FA1F8FBC57001199E4 /* 4d.png in Resources */,
				9BD6A7241F8FBC57001199E4 /* flou4.png in Resources */,
				9BD6A7201F8FBC57001199E4 /* 13s.png in Resources */,
				9BD6A7031F8FBC57001199E4 /* 6h.png in Resources */,
				9BD6A71A1F8FBC57001199E4 /* 12d.png in Resources */,
				9BD6A6F71F8FBC57001199E4 /* 3h.png in Resources */,
				9BD6A7161F8FBC57001199E4 /* 11d.png in Resources */,
				9BD6A7221F8FBC57001199E4 /* flou2.png in Resources */,
				9BD6A6F31F8FBC57001199E4 /* 2h.png in Resources */,
				9BD6A7091F8FBC57001199E4 /* 8c.png in Resources */,
				9BD6A7001F8FBC57001199E4 /* 5s.png in Resources */,
				9BD6A6ED1F8FBC57001199E4 /* 1c.png in Resources */,
				9BD6A7281F8FBC57001199E4 /* flou8.png in Resources */,
				9BD6A6F51F8FBC57001199E4 /* 3c.png in Resources */,
				9B241C241F8E920F004658DC /* Assets.xcassets in Resources */,
				9BD6A70F1F8FBC57001199E4 /* 9h.png in Resources */,
				9BD6A7111F8FBC57001199E4 /* 10c.png in Resources */,
				9BD6A6F11F8FBC57001199E4 /* 2c.png in Resources */,
				9BD6A70B1F8FBC57001199E4 /* 8h.png in Resources */,
				9BD6A7061F8FBC57001199E4 /* 7d.png in Resources */,
				9BD6A6FB1F8FBC57001199E4 /* 4h.png in Resources */,
				9BD6A6FF1F8FBC57001199E4 /* 5h.png in Resources */,
				9B241C221F8E920F004658DC /* Main.storyboard in Resources */,
				9BD6A6F41F8FBC57001199E4 /* 2s.png in Resources */,
				9BD6A70E1F8FBC57001199E4 /* 9d.png in Resources */,
				9BD6A6FC1F8FBC57001199E4 /* 4s.png in Resources */,
				9BD6A7271F8FBC57001199E4 /* flou7.png in Resources */,
			);
			runOnlyForDeploymentPostprocessing = 0;
		};
/* End PBXResourcesBuildPhase section */

/* Begin PBXSourcesBuildPhase section */
		9B241C151F8E920F004658DC /* Sources */ = {
			isa = PBXSourcesBuildPhase;
			buildActionMask = 2147483647;
			files = (
				9B241C1F1F8E920F004658DC /* ViewController.swift in Sources */,
				9BD6A72A1F8FC95C001199E4 /* PokerHands.swift in Sources */,
				9B241C1D1F8E920F004658DC /* AppDelegate.swift in Sources */,
			);
			runOnlyForDeploymentPostprocessing = 0;
		};
/* End PBXSourcesBuildPhase section */

/* Begin PBXVariantGroup section */
		9B241C201F8E920F004658DC /* Main.storyboard */ = {
			isa = PBXVariantGroup;
			children = (
				9B241C211F8E920F004658DC /* Base */,
			);
			name = Main.storyboard;
			sourceTree = "<group>";
		};
		9B241C251F8E920F004658DC /* LaunchScreen.storyboard */ = {
			isa = PBXVariantGroup;
			children = (
				9B241C261F8E920F004658DC /* Base */,
			);
			name = LaunchScreen.storyboard;
			sourceTree = "<group>";
		};
/* End PBXVariantGroup section */

/* Begin XCBuildConfiguration section */
		9B241C291F8E920F004658DC /* Debug */ = {
			isa = XCBuildConfiguration;
			buildSettings = {
				ALWAYS_SEARCH_USER_PATHS = NO;
				CLANG_ANALYZER_NONNULL = YES;
				CLANG_CXX_LANGUAGE_STANDARD = "gnu++0x";
				CLANG_CXX_LIBRARY = "libc++";
				CLANG_ENABLE_MODULES = YES;
				CLANG_ENABLE_OBJC_ARC = YES;
				CLANG_WARN_BOOL_CONVERSION = YES;
				CLANG_WARN_CONSTANT_CONVERSION = YES;
				CLANG_WARN_DIRECT_OBJC_ISA_USAGE = YES_ERROR;
				CLANG_WARN_DOCUMENTATION_COMMENTS = YES;
				CLANG_WARN_EMPTY_BODY = YES;
				CLANG_WARN_ENUM_CONVERSION = YES;
				CLANG_WARN_INFINITE_RECURSION = YES;
				CLANG_WARN_INT_CONVERSION = YES;
				CLANG_WARN_OBJC_ROOT_CLASS = YES_ERROR;
				CLANG_WARN_SUSPICIOUS_MOVE = YES;
				CLANG_WARN_UNREACHABLE_CODE = YES;
				CLANG_WARN__DUPLICATE_METHOD_MATCH = YES;
				"CODE_SIGN_IDENTITY[sdk=iphoneos*]" = "iPhone Developer";
				COPY_PHASE_STRIP = NO;
				DEBUG_INFORMATION_FORMAT = dwarf;
				ENABLE_STRICT_OBJC_MSGSEND = YES;
				ENABLE_TESTABILITY = YES;
				GCC_C_LANGUAGE_STANDARD = gnu99;
				GCC_DYNAMIC_NO_PIC = NO;
				GCC_NO_COMMON_BLOCKS = YES;
				GCC_OPTIMIZATION_LEVEL = 0;
				GCC_PREPROCESSOR_DEFINITIONS = (
					"DEBUG=1",
					"$(inherited)",
				);
				GCC_WARN_64_TO_32_BIT_CONVERSION = YES;
				GCC_WARN_ABOUT_RETURN_TYPE = YES_ERROR;
				GCC_WARN_UNDECLARED_SELECTOR = YES;
				GCC_WARN_UNINITIALIZED_AUTOS = YES_AGGRESSIVE;
				GCC_WARN_UNUSED_FUNCTION = YES;
				GCC_WARN_UNUSED_VARIABLE = YES;
				IPHONEOS_DEPLOYMENT_TARGET = 10.2;
				MTL_ENABLE_DEBUG_INFO = YES;
				ONLY_ACTIVE_ARCH = YES;
				SDKROOT = iphoneos;
				SWIFT_ACTIVE_COMPILATION_CONDITIONS = DEBUG;
				SWIFT_OPTIMIZATION_LEVEL = "-Onone";
			};
			name = Debug;
		};
		9B241C2A1F8E920F004658DC /* Release */ = {
			isa = XCBuildConfiguration;
			buildSettings = {
				ALWAYS_SEARCH_USER_PATHS = NO;
				CLANG_ANALYZER_NONNULL = YES;
				CLANG_CXX_LANGUAGE_STANDARD = "gnu++0x";
				CLANG_CXX_LIBRARY = "libc++";
				CLANG_ENABLE_MODULES = YES;
				CLANG_ENABLE_OBJC_ARC = YES;
				CLANG_WARN_BOOL_CONVERSION = YES;
				CLANG_WARN_CONSTANT_CONVERSION = YES;
				CLANG_WARN_DIRECT_OBJC_ISA_USAGE = YES_ERROR;
				CLANG_WARN_DOCUMENTATION_COMMENTS = YES;
				CLANG_WARN_EMPTY_BODY = YES;
				CLANG_WARN_ENUM_CONVERSION = YES;
				CLANG_WARN_INFINITE_RECURSION = YES;
				CLANG_WARN_INT_CONVERSION = YES;
				CLANG_WARN_OBJC_ROOT_CLASS = YES_ERROR;
				CLANG_WARN_SUSPICIOUS_MOVE = YES;
				CLANG_WARN_UNREACHABLE_CODE = YES;
				CLANG_WARN__DUPLICATE_METHOD_MATCH = YES;
				"CODE_SIGN_IDENTITY[sdk=iphoneos*]" = "iPhone Developer";
				COPY_PHASE_STRIP = NO;
				DEBUG_INFORMATION_FORMAT = "dwarf-with-dsym";
				ENABLE_NS_ASSERTIONS = NO;
				ENABLE_STRICT_OBJC_MSGSEND = YES;
				GCC_C_LANGUAGE_STANDARD = gnu99;
				GCC_NO_COMMON_BLOCKS = YES;
				GCC_WARN_64_TO_32_BIT_CONVERSION = YES;
				GCC_WARN_ABOUT_RETURN_TYPE = YES_ERROR;
				GCC_WARN_UNDECLARED_SELECTOR = YES;
				GCC_WARN_UNINITIALIZED_AUTOS = YES_AGGRESSIVE;
				GCC_WARN_UNUSED_FUNCTION = YES;
				GCC_WARN_UNUSED_VARIABLE = YES;
				IPHONEOS_DEPLOYMENT_TARGET = 10.2;
				MTL_ENABLE_DEBUG_INFO = NO;
				SDKROOT = iphoneos;
				SWIFT_OPTIMIZATION_LEVEL = "-Owholemodule";
				VALIDATE_PRODUCT = YES;
			};
			name = Release;
		};
		9B241C2C1F8E920F004658DC /* Debug */ = {
			isa = XCBuildConfiguration;
			buildSettings = {
				ASSETCATALOG_COMPILER_APPICON_NAME = AppIcon;
				INFOPLIST_FILE = jeuVideoPoker/Info.plist;
				LD_RUNPATH_SEARCH_PATHS = "$(inherited) @executable_path/Frameworks";
				PRODUCT_BUNDLE_IDENTIFIER = com.andrecruz.jeuVideoPoker;
				PRODUCT_NAME = "$(TARGET_NAME)";
				SWIFT_VERSION = 3.0;
			};
			name = Debug;
		};
		9B241C2D1F8E920F004658DC /* Release */ = {
			isa = XCBuildConfiguration;
			buildSettings = {
				ASSETCATALOG_COMPILER_APPICON_NAME = AppIcon;
				INFOPLIST_FILE = jeuVideoPoker/Info.plist;
				LD_RUNPATH_SEARCH_PATHS = "$(inherited) @executable_path/Frameworks";
				PRODUCT_BUNDLE_IDENTIFIER = com.andrecruz.jeuVideoPoker;
				PRODUCT_NAME = "$(TARGET_NAME)";
				SWIFT_VERSION = 3.0;
			};
			name = Release;
		};
/* End XCBuildConfiguration section */

/* Begin XCConfigurationList section */
		9B241C141F8E920E004658DC /* Build configuration list for PBXProject "jeuVideoPoker" */ = {
			isa = XCConfigurationList;
			buildConfigurations = (
				9B241C291F8E920F004658DC /* Debug */,
				9B241C2A1F8E920F004658DC /* Release */,
			);
			defaultConfigurationIsVisible = 0;
			defaultConfigurationName = Release;
		};
		9B241C2B1F8E920F004658DC /* Build configuration list for PBXNativeTarget "jeuVideoPoker" */ = {
			isa = XCConfigurationList;
			buildConfigurations = (
				9B241C2C1F8E920F004658DC /* Debug */,
				9B241C2D1F8E920F004658DC /* Release */,
			);
			defaultConfigurationIsVisible = 0;
			defaultConfigurationName = Release;
		};
/* End XCConfigurationList section */
	};
	rootObject = 9B241C111F8E920E004658DC /* Project object */;
}
